
Microsoft Visual Studio Solution File, Format Version 12.00
# Visual Studio Version 17
VisualStudioVersion = 17.1.32319.34
MinimumVisualStudioVersion = 10.0.40219.1
Project("{00D1A9C2-B5F0-4AF3-8072-F6C62B433612}") = "Database", "Database\Database.sqlproj", "{46DBA5E8-6139-4D53-94CA-A3054F62C926}"
EndProject
Project("{9A19103F-16F7-4668-BE54-9A1E7A4F7556}") = "Data", "Data\Data.csproj", "{A5C8401E-7111-4369-83AC-C2F1903A04DF}"
EndProject
Project("{9A19103F-16F7-4668-BE54-9A1E7A4F7556}") = "Mindfire.User", "Mindfire.User\Mindfire.User.csproj", "{510876A6-5947-4F1F-AF4B-F2408596A094}"
EndProject
Project("{9A19103F-16F7-4668-BE54-9A1E7A4F7556}") = "Mindfire.User.Implementation", "Mindfire.User.Implementation\Mindfire.User.Implementation.csproj", "{079F2A16-DD91-450F-ADDE-88E6ACF36089}"
EndProject
Project("{9A19103F-16F7-4668-BE54-9A1E7A4F7556}") = "Web", "Web\Web.csproj", "{DE1CD700-7C3A-4C05-9865-C4083BBE778A}"
EndProject
Project("{9A19103F-16F7-4668-BE54-9A1E7A4F7556}") = "WebApi.Models", "WebApi.Models\WebApi.Models.csproj", "{C6E5763C-7689-4E29-8A61-5407393E2B31}"
EndProject
Project("{9A19103F-16F7-4668-BE54-9A1E7A4F7556}") = "WebApi", "WebApi\WebApi.csproj", "{92992FA6-4DE7-4A4C-9D21-C86E22566CC4}"
EndProject
Project("{9A19103F-16F7-4668-BE54-9A1E7A4F7556}") = "Web.Server", "Web.Server\Web.Server.csproj", "{ADF53B6D-17C0-4EFF-8C66-F7D1DA43BDC4}"
EndProject
Project("{9A19103F-16F7-4668-BE54-9A1E7A4F7556}") = "WebApi.WeatherForecast", "WebApi.WeatherForecast\WebApi.WeatherForecast.csproj", "{F72B3E52-AB92-4119-86CB-DD18830FDF0E}"
EndProject
Project("{9A19103F-16F7-4668-BE54-9A1E7A4F7556}") = "WebApi.WeatherForecast.Services", "WebApi.WeatherForecast.Services\WebApi.WeatherForecast.Services.csproj", "{8BCCF849-0821-40AB-8992-0CD42DA2B7D4}"
EndProject
Project("{9A19103F-16F7-4668-BE54-9A1E7A4F7556}") = "Web.WeatherForecast", "Web.WeatherForecast\Web.WeatherForecast.csproj", "{A63B4E9F-481E-407B-A467-0AF33D643C5E}"
EndProject
Project("{9A19103F-16F7-4668-BE54-9A1E7A4F7556}") = "Web.WeatherForecast.Services", "Web.WeatherForecast.Services\Web.WeatherForecast.Services.csproj", "{1E44D73C-898F-48F2-9501-3197F84D326F}"
EndProject
Project("{FAE04EC0-301F-11D3-BF4B-00C04F79EFBC}") = "Web.User", "Web.User\Web.User.csproj", "{57188F54-D066-4426-AD4D-5F2172CE6BBB}"
EndProject
Project("{9A19103F-16F7-4668-BE54-9A1E7A4F7556}") = "Web.User.Services", "Web.User.Services\Web.User.Services.csproj", "{37EBF1BB-60DE-473F-B18D-958C5B6C5CFD}"
EndProject
Global
	GlobalSection(SolutionConfigurationPlatforms) = preSolution
		Debug|Any CPU = Debug|Any CPU
		Release|Any CPU = Release|Any CPU
	EndGlobalSection
	GlobalSection(ProjectConfigurationPlatforms) = postSolution
		{46DBA5E8-6139-4D53-94CA-A3054F62C926}.Debug|Any CPU.ActiveCfg = Debug|Any CPU
		{46DBA5E8-6139-4D53-94CA-A3054F62C926}.Debug|Any CPU.Build.0 = Debug|Any CPU
		{46DBA5E8-6139-4D53-94CA-A3054F62C926}.Debug|Any CPU.Deploy.0 = Debug|Any CPU
		{46DBA5E8-6139-4D53-94CA-A3054F62C926}.Release|Any CPU.ActiveCfg = Release|Any CPU
		{46DBA5E8-6139-4D53-94CA-A3054F62C926}.Release|Any CPU.Build.0 = Release|Any CPU
		{46DBA5E8-6139-4D53-94CA-A3054F62C926}.Release|Any CPU.Deploy.0 = Release|Any CPU
		{A5C8401E-7111-4369-83AC-C2F1903A04DF}.Debug|Any CPU.ActiveCfg = Debug|Any CPU
		{A5C8401E-7111-4369-83AC-C2F1903A04DF}.Debug|Any CPU.Build.0 = Debug|Any CPU
		{A5C8401E-7111-4369-83AC-C2F1903A04DF}.Release|Any CPU.ActiveCfg = Release|Any CPU
		{A5C8401E-7111-4369-83AC-C2F1903A04DF}.Release|Any CPU.Build.0 = Release|Any CPU
		{510876A6-5947-4F1F-AF4B-F2408596A094}.Debug|Any CPU.ActiveCfg = Debug|Any CPU
		{510876A6-5947-4F1F-AF4B-F2408596A094}.Debug|Any CPU.Build.0 = Debug|Any CPU
		{510876A6-5947-4F1F-AF4B-F2408596A094}.Release|Any CPU.ActiveCfg = Release|Any CPU
		{510876A6-5947-4F1F-AF4B-F2408596A094}.Release|Any CPU.Build.0 = Release|Any CPU
		{079F2A16-DD91-450F-ADDE-88E6ACF36089}.Debug|Any CPU.ActiveCfg = Debug|Any CPU
		{079F2A16-DD91-450F-ADDE-88E6ACF36089}.Debug|Any CPU.Build.0 = Debug|Any CPU
		{079F2A16-DD91-450F-ADDE-88E6ACF36089}.Release|Any CPU.ActiveCfg = Release|Any CPU
		{079F2A16-DD91-450F-ADDE-88E6ACF36089}.Release|Any CPU.Build.0 = Release|Any CPU
		{DE1CD700-7C3A-4C05-9865-C4083BBE778A}.Debug|Any CPU.ActiveCfg = Debug|Any CPU
		{DE1CD700-7C3A-4C05-9865-C4083BBE778A}.Debug|Any CPU.Build.0 = Debug|Any CPU
		{DE1CD700-7C3A-4C05-9865-C4083BBE778A}.Release|Any CPU.ActiveCfg = Release|Any CPU
		{DE1CD700-7C3A-4C05-9865-C4083BBE778A}.Release|Any CPU.Build.0 = Release|Any CPU
		{C6E5763C-7689-4E29-8A61-5407393E2B31}.Debug|Any CPU.ActiveCfg = Debug|Any CPU
		{C6E5763C-7689-4E29-8A61-5407393E2B31}.Debug|Any CPU.Build.0 = Debug|Any CPU
		{C6E5763C-7689-4E29-8A61-5407393E2B31}.Release|Any CPU.ActiveCfg = Release|Any CPU
		{C6E5763C-7689-4E29-8A61-5407393E2B31}.Release|Any CPU.Build.0 = Release|Any CPU
		{92992FA6-4DE7-4A4C-9D21-C86E22566CC4}.Debug|Any CPU.ActiveCfg = Debug|Any CPU
		{92992FA6-4DE7-4A4C-9D21-C86E22566CC4}.Debug|Any CPU.Build.0 = Debug|Any CPU
		{92992FA6-4DE7-4A4C-9D21-C86E22566CC4}.Release|Any CPU.ActiveCfg = Release|Any CPU
		{92992FA6-4DE7-4A4C-9D21-C86E22566CC4}.Release|Any CPU.Build.0 = Release|Any CPU
		{ADF53B6D-17C0-4EFF-8C66-F7D1DA43BDC4}.Debug|Any CPU.ActiveCfg = Debug|Any CPU
		{ADF53B6D-17C0-4EFF-8C66-F7D1DA43BDC4}.Debug|Any CPU.Build.0 = Debug|Any CPU
		{ADF53B6D-17C0-4EFF-8C66-F7D1DA43BDC4}.Release|Any CPU.ActiveCfg = Release|Any CPU
		{ADF53B6D-17C0-4EFF-8C66-F7D1DA43BDC4}.Release|Any CPU.Build.0 = Release|Any CPU
		{F72B3E52-AB92-4119-86CB-DD18830FDF0E}.Debug|Any CPU.ActiveCfg = Debug|Any CPU
		{F72B3E52-AB92-4119-86CB-DD18830FDF0E}.Debug|Any CPU.Build.0 = Debug|Any CPU
		{F72B3E52-AB92-4119-86CB-DD18830FDF0E}.Release|Any CPU.ActiveCfg = Release|Any CPU
		{F72B3E52-AB92-4119-86CB-DD18830FDF0E}.Release|Any CPU.Build.0 = Release|Any CPU
		{8BCCF849-0821-40AB-8992-0CD42DA2B7D4}.Debug|Any CPU.ActiveCfg = Debug|Any CPU
		{8BCCF849-0821-40AB-8992-0CD42DA2B7D4}.Debug|Any CPU.Build.0 = Debug|Any CPU
		{8BCCF849-0821-40AB-8992-0CD42DA2B7D4}.Release|Any CPU.ActiveCfg = Release|Any CPU
		{8BCCF849-0821-40AB-8992-0CD42DA2B7D4}.Release|Any CPU.Build.0 = Release|Any CPU
		{A63B4E9F-481E-407B-A467-0AF33D643C5E}.Debug|Any CPU.ActiveCfg = Debug|Any CPU
		{A63B4E9F-481E-407B-A467-0AF33D643C5E}.Debug|Any CPU.Build.0 = Debug|Any CPU
		{A63B4E9F-481E-407B-A467-0AF33D643C5E}.Release|Any CPU.ActiveCfg = Release|Any CPU
		{A63B4E9F-481E-407B-A467-0AF33D643C5E}.Release|Any CPU.Build.0 = Release|Any CPU
		{1E44D73C-898F-48F2-9501-3197F84D326F}.Debug|Any CPU.ActiveCfg = Debug|Any CPU
		{1E44D73C-898F-48F2-9501-3197F84D326F}.Debug|Any CPU.Build.0 = Debug|Any CPU
		{1E44D73C-898F-48F2-9501-3197F84D326F}.Release|Any CPU.ActiveCfg = Release|Any CPU
		{1E44D73C-898F-48F2-9501-3197F84D326F}.Release|Any CPU.Build.0 = Release|Any CPU
		{57188F54-D066-4426-AD4D-5F2172CE6BBB}.Debug|Any CPU.ActiveCfg = Debug|Any CPU
		{57188F54-D066-4426-AD4D-5F2172CE6BBB}.Debug|Any CPU.Build.0 = Debug|Any CPU
		{57188F54-D066-4426-AD4D-5F2172CE6BBB}.Release|Any CPU.ActiveCfg = Release|Any CPU
		{57188F54-D066-4426-AD4D-5F2172CE6BBB}.Release|Any CPU.Build.0 = Release|Any CPU
		{37EBF1BB-60DE-473F-B18D-958C5B6C5CFD}.Debug|Any CPU.ActiveCfg = Debug|Any CPU
		{37EBF1BB-60DE-473F-B18D-958C5B6C5CFD}.Debug|Any CPU.Build.0 = Debug|Any CPU
		{37EBF1BB-60DE-473F-B18D-958C5B6C5CFD}.Release|Any CPU.ActiveCfg = Release|Any CPU
		{37EBF1BB-60DE-473F-B18D-958C5B6C5CFD}.Release|Any CPU.Build.0 = Release|Any CPU
	EndGlobalSection
	GlobalSection(SolutionProperties) = preSolution
		HideSolutionNode = FALSE
	EndGlobalSection
	GlobalSection(ExtensibilityGlobals) = postSolution
		SolutionGuid = {21154126-181F-464E-B8BF-1A464964904F}
	EndGlobalSection
EndGlobal
